
Microsoft Visual Studio Solution File, Format Version 12.00
# Visual Studio Version 17
VisualStudioVersion = 17.8.34511.84
MinimumVisualStudioVersion = 10.0.40219.1
Project("{FAE04EC0-301F-11D3-BF4B-00C04F79EFBC}") = "EjercicioExcepciones", "EjercicioExcepciones\EjercicioExcepciones.csproj", "{1127AD7F-D4CC-4A72-A72F-9C110D433174}"
EndProject
Global
	GlobalSection(SolutionConfigurationPlatforms) = preSolution
		Debug|Any CPU = Debug|Any CPU
		Release|Any CPU = Release|Any CPU
	EndGlobalSection
	GlobalSection(ProjectConfigurationPlatforms) = postSolution
		{1127AD7F-D4CC-4A72-A72F-9C110D433174}.Debug|Any CPU.ActiveCfg = Debug|Any CPU
		{1127AD7F-D4CC-4A72-A72F-9C110D433174}.Debug|Any CPU.Build.0 = Debug|Any CPU
		{1127AD7F-D4CC-4A72-A72F-9C110D433174}.Release|Any CPU.ActiveCfg = Release|Any CPU
		{1127AD7F-D4CC-4A72-A72F-9C110D433174}.Release|Any CPU.Build.0 = Release|Any CPU
	EndGlobalSection
	GlobalSection(SolutionProperties) = preSolution
		HideSolutionNode = FALSE
	EndGlobalSection
	GlobalSection(ExtensibilityGlobals) = postSolution
		SolutionGuid = {CDFAECF8-AD78-4094-B2FC-A98F0989FDA9}
	EndGlobalSection
EndGlobal
